// !$*UTF8*$!
{
	archiveVersion = 1;
	classes = {
	};
	objectVersion = 50;
	objects = {

/* Begin PBXBuildFile section */
		BA97A28C25877582007180B8 /* AppDelegate.swift in Sources */ = {isa = PBXBuildFile; fileRef = BA97A28B25877582007180B8 /* AppDelegate.swift */; };
		BA97A28E25877582007180B8 /* CardsViewController.swift in Sources */ = {isa = PBXBuildFile; fileRef = BA97A28D25877582007180B8 /* CardsViewController.swift */; };
		BA97A29125877582007180B8 /* Manei.storyboard in Resources */ = {isa = PBXBuildFile; fileRef = BA97A28F25877582007180B8 /* Manei.storyboard */; };
		BA97A29325877595007180B8 /* Assets.xcassets in Resources */ = {isa = PBXBuildFile; fileRef = BA97A29225877595007180B8 /* Assets.xcassets */; };
		BA97A29625877595007180B8 /* LaunchScreen.storyboard in Resources */ = {isa = PBXBuildFile; fileRef = BA97A29425877595007180B8 /* LaunchScreen.storyboard */; };
		BAA022BC258B1E8900EFB34C /* DiceViewController.swift in Sources */ = {isa = PBXBuildFile; fileRef = BAA022BB258B1E8900EFB34C /* DiceViewController.swift */; };
		BAA022BE258B1EAA00EFB34C /* HomeViewController.swift in Sources */ = {isa = PBXBuildFile; fileRef = BAA022BD258B1EAA00EFB34C /* HomeViewController.swift */; };
/* End PBXBuildFile section */

/* Begin PBXFileReference section */
		BA97A28825877582007180B8 /* DiceRollGame.app */ = {isa = PBXFileReference; explicitFileType = wrapper.application; includeInIndex = 0; path = DiceRollGame.app; sourceTree = BUILT_PRODUCTS_DIR; };
		BA97A28B25877582007180B8 /* AppDelegate.swift */ = {isa = PBXFileReference; lastKnownFileType = sourcecode.swift; path = AppDelegate.swift; sourceTree = "<group>"; };
		BA97A28D25877582007180B8 /* CardsViewController.swift */ = {isa = PBXFileReference; lastKnownFileType = sourcecode.swift; path = CardsViewController.swift; sourceTree = "<group>"; };
		BA97A29025877582007180B8 /* Base */ = {isa = PBXFileReference; lastKnownFileType = file.storyboard; name = Base; path = Base.lproj/Manei.storyboard; sourceTree = "<group>"; };
		BA97A29225877595007180B8 /* Assets.xcassets */ = {isa = PBXFileReference; lastKnownFileType = folder.assetcatalog; path = Assets.xcassets; sourceTree = "<group>"; };
		BA97A29525877595007180B8 /* Base */ = {isa = PBXFileReference; lastKnownFileType = file.storyboard; name = Base; path = Base.lproj/LaunchScreen.storyboard; sourceTree = "<group>"; };
		BA97A29725877595007180B8 /* Info.plist */ = {isa = PBXFileReference; lastKnownFileType = text.plist.xml; path = Info.plist; sourceTree = "<group>"; };
		BAA022BB258B1E8900EFB34C /* DiceViewController.swift */ = {isa = PBXFileReference; lastKnownFileType = sourcecode.swift; path = DiceViewController.swift; sourceTree = "<group>"; };
		BAA022BD258B1EAA00EFB34C /* HomeViewController.swift */ = {isa = PBXFileReference; lastKnownFileType = sourcecode.swift; path = HomeViewController.swift; sourceTree = "<group>"; };
/* End PBXFileReference section */

/* Begin PBXFrameworksBuildPhase section */
		BA97A28525877582007180B8 /* Frameworks */ = {
			isa = PBXFrameworksBuildPhase;
			buildActionMask = 2147483647;
			files = (
			);
			runOnlyForDeploymentPostprocessing = 0;
		};
/* End PBXFrameworksBuildPhase section */

/* Begin PBXGroup section */
		BA97A27F25877582007180B8 = {
			isa = PBXGroup;
			children = (
				BA97A28A25877582007180B8 /* DiceRollGame */,
				BA97A28925877582007180B8 /* Products */,
			);
			sourceTree = "<group>";
		};
		BA97A28925877582007180B8 /* Products */ = {
			isa = PBXGroup;
			children = (
				BA97A28825877582007180B8 /* DiceRollGame.app */,
			);
			name = Products;
			sourceTree = "<group>";
		};
		BA97A28A25877582007180B8 /* DiceRollGame */ = {
			isa = PBXGroup;
			children = (
				BA97A28B25877582007180B8 /* AppDelegate.swift */,
				BAA022BD258B1EAA00EFB34C /* HomeViewController.swift */,
				BA97A28D25877582007180B8 /* CardsViewController.swift */,
				BAA022BB258B1E8900EFB34C /* DiceViewController.swift */,
				BA97A28F25877582007180B8 /* Manei.storyboard */,
				BA97A29225877595007180B8 /* Assets.xcassets */,
				BA97A29425877595007180B8 /* LaunchScreen.storyboard */,
				BA97A29725877595007180B8 /* Info.plist */,
			);
			path = DiceRollGame;
			sourceTree = "<group>";
		};
/* End PBXGroup section */

/* Begin PBXNativeTarget section */
		BA97A28725877582007180B8 /* DiceRollGame */ = {
			isa = PBXNativeTarget;
			buildConfigurationList = BA97A29A25877595007180B8 /* Build configuration list for PBXNativeTarget "DiceRollGame" */;
			buildPhases = (
				BA97A28425877582007180B8 /* Sources */,
				BA97A28525877582007180B8 /* Frameworks */,
				BA97A28625877582007180B8 /* Resources */,
			);
			buildRules = (
			);
			dependencies = (
			);
			name = DiceRollGame;
			productName = DiceRollGame;
			productReference = BA97A28825877582007180B8 /* DiceRollGame.app */;
			productType = "com.apple.product-type.application";
		};
/* End PBXNativeTarget section */

/* Begin PBXProject section */
		BA97A28025877582007180B8 /* Project object */ = {
			isa = PBXProject;
			attributes = {
				LastSwiftUpdateCheck = 1030;
				LastUpgradeCheck = 1030;
				ORGANIZATIONNAME = manei;
				TargetAttributes = {
					BA97A28725877582007180B8 = {
						CreatedOnToolsVersion = 10.3;
					};
				};
			};
			buildConfigurationList = BA97A28325877582007180B8 /* Build configuration list for PBXProject "DiceRollGame" */;
			compatibilityVersion = "Xcode 9.3";
			developmentRegion = en;
			hasScannedForEncodings = 0;
			knownRegions = (
				en,
				Base,
			);
			mainGroup = BA97A27F25877582007180B8;
			productRefGroup = BA97A28925877582007180B8 /* Products */;
			projectDirPath = "";
			projectRoot = "";
			targets = (
				BA97A28725877582007180B8 /* DiceRollGame */,
			);
		};
/* End PBXProject section */

/* Begin PBXResourcesBuildPhase section */
		BA97A28625877582007180B8 /* Resources */ = {
			isa = PBXResourcesBuildPhase;
			buildActionMask = 2147483647;
			files = (
				BA97A29625877595007180B8 /* LaunchScreen.storyboard in Resources */,
				BA97A29325877595007180B8 /* Assets.xcassets in Resources */,
				BA97A29125877582007180B8 /* Manei.storyboard in Resources */,
			);
			runOnlyForDeploymentPostprocessing = 0;
		};
/* End PBXResourcesBuildPhase section */

/* Begin PBXSourcesBuildPhase section */
		BA97A28425877582007180B8 /* Sources */ = {
			isa = PBXSourcesBuildPhase;
			buildActionMask = 2147483647;
			files = (
				BA97A28E25877582007180B8 /* CardsViewController.swift in Sources */,
				BAA022BC258B1E8900EFB34C /* DiceViewController.swift in Sources */,
				BA97A28C25877582007180B8 /* AppDelegate.swift in Sources */,
				BAA022BE258B1EAA00EFB34C /* HomeViewController.swift in Sources */,
			);
			runOnlyForDeploymentPostprocessing = 0;
		};
/* End PBXSourcesBuildPhase section */

/* Begin PBXVariantGroup section */
		BA97A28F25877582007180B8 /* Manei.storyboard */ = {
			isa = PBXVariantGroup;
			children = (
				BA97A29025877582007180B8 /* Base */,
			);
			name = Manei.storyboard;
			sourceTree = "<group>";
		};
		BA97A29425877595007180B8 /* LaunchScreen.storyboard */ = {
			isa = PBXVariantGroup;
			children = (
				BA97A29525877595007180B8 /* Base */,
			);
			name = LaunchScreen.storyboard;
			sourceTree = "<group>";
		};
/* End PBXVariantGroup section */

/* Begin XCBuildConfiguration section */
		BA97A29825877595007180B8 /* Debug */ = {
			isa = XCBuildConfiguration;
			buildSettings = {
				ALWAYS_SEARCH_USER_PATHS = NO;
				CLANG_ANALYZER_NONNULL = YES;
				CLANG_ANALYZER_NUMBER_OBJECT_CONVERSION = YES_AGGRESSIVE;
				CLANG_CXX_LANGUAGE_STANDARD = "gnu++14";
				CLANG_CXX_LIBRARY = "libc++";
				CLANG_ENABLE_MODULES = YES;
				CLANG_ENABLE_OBJC_ARC = YES;
				CLANG_ENABLE_OBJC_WEAK = YES;
				CLANG_WARN_BLOCK_CAPTURE_AUTORELEASING = YES;
				CLANG_WARN_BOOL_CONVERSION = YES;
				CLANG_WARN_COMMA = YES;
				CLANG_WARN_CONSTANT_CONVERSION = YES;
				CLANG_WARN_DEPRECATED_OBJC_IMPLEMENTATIONS = YES;
				CLANG_WARN_DIRECT_OBJC_ISA_USAGE = YES_ERROR;
				CLANG_WARN_DOCUMENTATION_COMMENTS = YES;
				CLANG_WARN_EMPTY_BODY = YES;
				CLANG_WARN_ENUM_CONVERSION = YES;
				CLANG_WARN_INFINITE_RECURSION = YES;
				CLANG_WARN_INT_CONVERSION = YES;
				CLANG_WARN_NON_LITERAL_NULL_CONVERSION = YES;
				CLANG_WARN_OBJC_IMPLICIT_RETAIN_SELF = YES;
				CLANG_WARN_OBJC_LITERAL_CONVERSION = YES;
				CLANG_WARN_OBJC_ROOT_CLASS = YES_ERROR;
				CLANG_WARN_RANGE_LOOP_ANALYSIS = YES;
				CLANG_WARN_STRICT_PROTOTYPES = YES;
				CLANG_WARN_SUSPICIOUS_MOVE = YES;
				CLANG_WARN_UNGUARDED_AVAILABILITY = YES_AGGRESSIVE;
				CLANG_WARN_UNREACHABLE_CODE = YES;
				CLANG_WARN__DUPLICATE_METHOD_MATCH = YES;
				CODE_SIGN_IDENTITY = "iPhone Developer";
				COPY_PHASE_STRIP = NO;
				DEBUG_INFORMATION_FORMAT = dwarf;
				ENABLE_STRICT_OBJC_MSGSEND = YES;
				ENABLE_TESTABILITY = YES;
				GCC_C_LANGUAGE_STANDARD = gnu11;
				GCC_DYNAMIC_NO_PIC = NO;
				GCC_NO_COMMON_BLOCKS = YES;
				GCC_OPTIMIZATION_LEVEL = 0;
				GCC_PREPROCESSOR_DEFINITIONS = (
					"DEBUG=1",
					"$(inherited)",
				);
				GCC_WARN_64_TO_32_BIT_CONVERSION = YES;
				GCC_WARN_ABOUT_RETURN_TYPE = YES_ERROR;
				GCC_WARN_UNDECLARED_SELECTOR = YES;
				GCC_WARN_UNINITIALIZED_AUTOS = YES_AGGRESSIVE;
				GCC_WARN_UNUSED_FUNCTION = YES;
				GCC_WARN_UNUSED_VARIABLE = YES;
				IPHONEOS_DEPLOYMENT_TARGET = 12.4;
				MTL_ENABLE_DEBUG_INFO = INCLUDE_SOURCE;
				MTL_FAST_MATH = YES;
				ONLY_ACTIVE_ARCH = YES;
				SDKROOT = iphoneos;
				SWIFT_ACTIVE_COMPILATION_CONDITIONS = DEBUG;
				SWIFT_OPTIMIZATION_LEVEL = "-Onone";
			};
			name = Debug;
		};
		BA97A29925877595007180B8 /* Release */ = {
			isa = XCBuildConfiguration;
			buildSettings = {
				ALWAYS_SEARCH_USER_PATHS = NO;
				CLANG_ANALYZER_NONNULL = YES;
				CLANG_ANALYZER_NUMBER_OBJECT_CONVERSION = YES_AGGRESSIVE;
				CLANG_CXX_LANGUAGE_STANDARD = "gnu++14";
				CLANG_CXX_LIBRARY = "libc++";
				CLANG_ENABLE_MODULES = YES;
				CLANG_ENABLE_OBJC_ARC = YES;
				CLANG_ENABLE_OBJC_WEAK = YES;
				CLANG_WARN_BLOCK_CAPTURE_AUTORELEASING = YES;
				CLANG_WARN_BOOL_CONVERSION = YES;
				CLANG_WARN_COMMA = YES;
				CLANG_WARN_CONSTANT_CONVERSION = YES;
				CLANG_WARN_DEPRECATED_OBJC_IMPLEMENTATIONS = YES;
				CLANG_WARN_DIRECT_OBJC_ISA_USAGE = YES_ERROR;
				CLANG_WARN_DOCUMENTATION_COMMENTS = YES;
				CLANG_WARN_EMPTY_BODY = YES;
				CLANG_WARN_ENUM_CONVERSION = YES;
				CLANG_WARN_INFINITE_RECURSION = YES;
				CLANG_WARN_INT_CONVERSION = YES;
				CLANG_WARN_NON_LITERAL_NULL_CONVERSION = YES;
				CLANG_WARN_OBJC_IMPLICIT_RETAIN_SELF = YES;
				CLANG_WARN_OBJC_LITERAL_CONVERSION = YES;
				CLANG_WARN_OBJC_ROOT_CLASS = YES_ERROR;
				CLANG_WARN_RANGE_LOOP_ANALYSIS = YES;
				CLANG_WARN_STRICT_PROTOTYPES = YES;
				CLANG_WARN_SUSPICIOUS_MOVE = YES;
				CLANG_WARN_UNGUARDED_AVAILABILITY = YES_AGGRESSIVE;
				CLANG_WARN_UNREACHABLE_CODE = YES;
				CLANG_WARN__DUPLICATE_METHOD_MATCH = YES;
				CODE_SIGN_IDENTITY = "iPhone Developer";
				COPY_PHASE_STRIP = NO;
				DEBUG_INFORMATION_FORMAT = "dwarf-with-dsym";
				ENABLE_NS_ASSERTIONS = NO;
				ENABLE_STRICT_OBJC_MSGSEND = YES;
				GCC_C_LANGUAGE_STANDARD = gnu11;
				GCC_NO_COMMON_BLOCKS = YES;
				GCC_WARN_64_TO_32_BIT_CONVERSION = YES;
				GCC_WARN_ABOUT_RETURN_TYPE = YES_ERROR;
				GCC_WARN_UNDECLARED_SELECTOR = YES;
				GCC_WARN_UNINITIALIZED_AUTOS = YES_AGGRESSIVE;
				GCC_WARN_UNUSED_FUNCTION = YES;
				GCC_WARN_UNUSED_VARIABLE = YES;
				IPHONEOS_DEPLOYMENT_TARGET = 12.4;
				MTL_ENABLE_DEBUG_INFO = NO;
				MTL_FAST_MATH = YES;
				SDKROOT = iphoneos;
				SWIFT_COMPILATION_MODE = wholemodule;
				SWIFT_OPTIMIZATION_LEVEL = "-O";
				VALIDATE_PRODUCT = YES;
			};
			name = Release;
		};
		BA97A29B25877595007180B8 /* Debug */ = {
			isa = XCBuildConfiguration;
			buildSettings = {
				ASSETCATALOG_COMPILER_APPICON_NAME = AppIcon;
				CODE_SIGN_STYLE = Automatic;
				INFOPLIST_FILE = DiceRollGame/Info.plist;
				LD_RUNPATH_SEARCH_PATHS = (
					"$(inherited)",
					"@executable_path/Frameworks",
				);
				PRODUCT_BUNDLE_IDENTIFIER = com.manei.DiceRollGame;
				PRODUCT_NAME = "$(TARGET_NAME)";
				SWIFT_VERSION = 5.0;
				TARGETED_DEVICE_FAMILY = "1,2";
			};
			name = Debug;
		};
		BA97A29C25877595007180B8 /* Release */ = {
			isa = XCBuildConfiguration;
			buildSettings = {
				ASSETCATALOG_COMPILER_APPICON_NAME = AppIcon;
				CODE_SIGN_STYLE = Automatic;
				INFOPLIST_FILE = DiceRollGame/Info.plist;
				LD_RUNPATH_SEARCH_PATHS = (
					"$(inherited)",
					"@executable_path/Frameworks",
				);
				PRODUCT_BUNDLE_IDENTIFIER = com.manei.DiceRollGame;
				PRODUCT_NAME = "$(TARGET_NAME)";
				SWIFT_VERSION = 5.0;
				TARGETED_DEVICE_FAMILY = "1,2";
			};
			name = Release;
		};
/* End XCBuildConfiguration section */

/* Begin XCConfigurationList section */
		BA97A28325877582007180B8 /* Build configuration list for PBXProject "DiceRollGame" */ = {
			isa = XCConfigurationList;
			buildConfigurations = (
				BA97A29825877595007180B8 /* Debug */,
				BA97A29925877595007180B8 /* Release */,
			);
			defaultConfigurationIsVisible = 0;
			defaultConfigurationName = Release;
		};
		BA97A29A25877595007180B8 /* Build configuration list for PBXNativeTarget "DiceRollGame" */ = {
			isa = XCConfigurationList;
			buildConfigurations = (
				BA97A29B25877595007180B8 /* Debug */,
				BA97A29C25877595007180B8 /* Release */,
			);
			defaultConfigurationIsVisible = 0;
			defaultConfigurationName = Release;
		};
/* End XCConfigurationList section */
	};
	rootObject = BA97A28025877582007180B8 /* Project object */;
}
